
Microsoft Visual Studio Solution File, Format Version 12.00
# Visual Studio Version 17
VisualStudioVersion = 17.1.32228.430
MinimumVisualStudioVersion = 10.0.40219.1
Project("{8BC9CEB8-8B4A-11D0-8D11-00A0C91BC942}") = "Project1", "Project1\Project1.vcxproj", "{084DE56E-BBC8-46E9-8B68-9B5C1826A3A3}"
EndProject
Global
	GlobalSection(SolutionConfigurationPlatforms) = preSolution
		Debug|x64 = Debug|x64
		Debug|x86 = Debug|x86
		Release|x64 = Release|x64
		Release|x86 = Release|x86
	EndGlobalSection
	GlobalSection(ProjectConfigurationPlatforms) = postSolution
		{084DE56E-BBC8-46E9-8B68-9B5C1826A3A3}.Debug|x64.ActiveCfg = Debug|x64
		{084DE56E-BBC8-46E9-8B68-9B5C1826A3A3}.Debug|x64.Build.0 = Debug|x64
		{084DE56E-BBC8-46E9-8B68-9B5C1826A3A3}.Debug|x86.ActiveCfg = Debug|Win32
		{084DE56E-BBC8-46E9-8B68-9B5C1826A3A3}.Debug|x86.Build.0 = Debug|Win32
		{084DE56E-BBC8-46E9-8B68-9B5C1826A3A3}.Release|x64.ActiveCfg = Release|x64
		{084DE56E-BBC8-46E9-8B68-9B5C1826A3A3}.Release|x64.Build.0 = Release|x64
		{084DE56E-BBC8-46E9-8B68-9B5C1826A3A3}.Release|x86.ActiveCfg = Release|Win32
		{084DE56E-BBC8-46E9-8B68-9B5C1826A3A3}.Release|x86.Build.0 = Release|Win32
	EndGlobalSection
	GlobalSection(SolutionProperties) = preSolution
		HideSolutionNode = FALSE
	EndGlobalSection
	GlobalSection(ExtensibilityGlobals) = postSolution
		SolutionGuid = {3276A014-9A5E-4D76-AEC8-9C91B5E714FB}
	EndGlobalSection
EndGlobal
